
Microsoft Visual Studio Solution File, Format Version 12.00
# Visual Studio Version 17
VisualStudioVersion = 17.1.32407.343
MinimumVisualStudioVersion = 10.0.40219.1
Project("{FAE04EC0-301F-11D3-BF4B-00C04F79EFBC}") = "prac8.2", "prac8.2.csproj", "{B8D0B797-84CC-47AF-B3EF-6B8BA56F488D}"
EndProject
Global
	GlobalSection(SolutionConfigurationPlatforms) = preSolution
		Debug|Any CPU = Debug|Any CPU
		Release|Any CPU = Release|Any CPU
	EndGlobalSection
	GlobalSection(ProjectConfigurationPlatforms) = postSolution
		{B8D0B797-84CC-47AF-B3EF-6B8BA56F488D}.Debug|Any CPU.ActiveCfg = Debug|Any CPU
		{B8D0B797-84CC-47AF-B3EF-6B8BA56F488D}.Debug|Any CPU.Build.0 = Debug|Any CPU
		{B8D0B797-84CC-47AF-B3EF-6B8BA56F488D}.Release|Any CPU.ActiveCfg = Release|Any CPU
		{B8D0B797-84CC-47AF-B3EF-6B8BA56F488D}.Release|Any CPU.Build.0 = Release|Any CPU
	EndGlobalSection
	GlobalSection(SolutionProperties) = preSolution
		HideSolutionNode = FALSE
	EndGlobalSection
	GlobalSection(ExtensibilityGlobals) = postSolution
		SolutionGuid = {F44A04CF-A36C-4CC8-A6A1-58226C67A468}
	EndGlobalSection
EndGlobal
